// !$*UTF8*$!
{
	archiveVersion = 1;
	classes = {
	};
	objectVersion = 48;
	objects = {

/* Begin PBXBuildFile section */
		FBC725D72058C5AF004C5CA8 /* AppDelegate.swift in Sources */ = {isa = PBXBuildFile; fileRef = FBC725D62058C5AF004C5CA8 /* AppDelegate.swift */; };
		FBC725D92058C5AF004C5CA8 /* ViewController.swift in Sources */ = {isa = PBXBuildFile; fileRef = FBC725D82058C5AF004C5CA8 /* ViewController.swift */; };
		FBC725DB2058C5AF004C5CA8 /* Assets.xcassets in Resources */ = {isa = PBXBuildFile; fileRef = FBC725DA2058C5AF004C5CA8 /* Assets.xcassets */; };
		FBC725DE2058C5AF004C5CA8 /* Main.storyboard in Resources */ = {isa = PBXBuildFile; fileRef = FBC725DC2058C5AF004C5CA8 /* Main.storyboard */; };
		FBC725EA2058C5AF004C5CA8 /* Video_Capture_Sample_macOSTests.swift in Sources */ = {isa = PBXBuildFile; fileRef = FBC725E92058C5AF004C5CA8 /* Video_Capture_Sample_macOSTests.swift */; };
		FBC725F52058C5AF004C5CA8 /* Video_Capture_Sample_macOSUITests.swift in Sources */ = {isa = PBXBuildFile; fileRef = FBC725F42058C5AF004C5CA8 /* Video_Capture_Sample_macOSUITests.swift */; };
/* End PBXBuildFile section */

/* Begin PBXContainerItemProxy section */
		FBC725E62058C5AF004C5CA8 /* PBXContainerItemProxy */ = {
			isa = PBXContainerItemProxy;
			containerPortal = FBC725CB2058C5AF004C5CA8 /* Project object */;
			proxyType = 1;
			remoteGlobalIDString = FBC725D22058C5AF004C5CA8;
			remoteInfo = "Video Capture Sample macOS";
		};
		FBC725F12058C5AF004C5CA8 /* PBXContainerItemProxy */ = {
			isa = PBXContainerItemProxy;
			containerPortal = FBC725CB2058C5AF004C5CA8 /* Project object */;
			proxyType = 1;
			remoteGlobalIDString = FBC725D22058C5AF004C5CA8;
			remoteInfo = "Video Capture Sample macOS";
		};
/* End PBXContainerItemProxy section */

/* Begin PBXFileReference section */
		FBC725D32058C5AF004C5CA8 /* Video Capture Sample macOS.app */ = {isa = PBXFileReference; explicitFileType = wrapper.application; includeInIndex = 0; path = "Video Capture Sample macOS.app"; sourceTree = BUILT_PRODUCTS_DIR; };
		FBC725D62058C5AF004C5CA8 /* AppDelegate.swift */ = {isa = PBXFileReference; lastKnownFileType = sourcecode.swift; path = AppDelegate.swift; sourceTree = "<group>"; };
		FBC725D82058C5AF004C5CA8 /* ViewController.swift */ = {isa = PBXFileReference; lastKnownFileType = sourcecode.swift; path = ViewController.swift; sourceTree = "<group>"; };
		FBC725DA2058C5AF004C5CA8 /* Assets.xcassets */ = {isa = PBXFileReference; lastKnownFileType = folder.assetcatalog; path = Assets.xcassets; sourceTree = "<group>"; };
		FBC725DD2058C5AF004C5CA8 /* Base */ = {isa = PBXFileReference; lastKnownFileType = file.storyboard; name = Base; path = Base.lproj/Main.storyboard; sourceTree = "<group>"; };
		FBC725DF2058C5AF004C5CA8 /* Info.plist */ = {isa = PBXFileReference; lastKnownFileType = text.plist.xml; path = Info.plist; sourceTree = "<group>"; };
		FBC725E02058C5AF004C5CA8 /* Video_Capture_Sample_macOS.entitlements */ = {isa = PBXFileReference; lastKnownFileType = text.plist.entitlements; path = Video_Capture_Sample_macOS.entitlements; sourceTree = "<group>"; };
		FBC725E52058C5AF004C5CA8 /* Video Capture Sample macOSTests.xctest */ = {isa = PBXFileReference; explicitFileType = wrapper.cfbundle; includeInIndex = 0; path = "Video Capture Sample macOSTests.xctest"; sourceTree = BUILT_PRODUCTS_DIR; };
		FBC725E92058C5AF004C5CA8 /* Video_Capture_Sample_macOSTests.swift */ = {isa = PBXFileReference; lastKnownFileType = sourcecode.swift; path = Video_Capture_Sample_macOSTests.swift; sourceTree = "<group>"; };
		FBC725EB2058C5AF004C5CA8 /* Info.plist */ = {isa = PBXFileReference; lastKnownFileType = text.plist.xml; path = Info.plist; sourceTree = "<group>"; };
		FBC725F02058C5AF004C5CA8 /* Video Capture Sample macOSUITests.xctest */ = {isa = PBXFileReference; explicitFileType = wrapper.cfbundle; includeInIndex = 0; path = "Video Capture Sample macOSUITests.xctest"; sourceTree = BUILT_PRODUCTS_DIR; };
		FBC725F42058C5AF004C5CA8 /* Video_Capture_Sample_macOSUITests.swift */ = {isa = PBXFileReference; lastKnownFileType = sourcecode.swift; path = Video_Capture_Sample_macOSUITests.swift; sourceTree = "<group>"; };
		FBC725F62058C5AF004C5CA8 /* Info.plist */ = {isa = PBXFileReference; lastKnownFileType = text.plist.xml; path = Info.plist; sourceTree = "<group>"; };
/* End PBXFileReference section */

/* Begin PBXFrameworksBuildPhase section */
		FBC725D02058C5AF004C5CA8 /* Frameworks */ = {
			isa = PBXFrameworksBuildPhase;
			buildActionMask = 2147483647;
			files = (
			);
			runOnlyForDeploymentPostprocessing = 0;
		};
		FBC725E22058C5AF004C5CA8 /* Frameworks */ = {
			isa = PBXFrameworksBuildPhase;
			buildActionMask = 2147483647;
			files = (
			);
			runOnlyForDeploymentPostprocessing = 0;
		};
		FBC725ED2058C5AF004C5CA8 /* Frameworks */ = {
			isa = PBXFrameworksBuildPhase;
			buildActionMask = 2147483647;
			files = (
			);
			runOnlyForDeploymentPostprocessing = 0;
		};
/* End PBXFrameworksBuildPhase section */

/* Begin PBXGroup section */
		FBC725CA2058C5AF004C5CA8 = {
			isa = PBXGroup;
			children = (
				FBC725D52058C5AF004C5CA8 /* Video Capture Sample macOS */,
				FBC725E82058C5AF004C5CA8 /* Video Capture Sample macOSTests */,
				FBC725F32058C5AF004C5CA8 /* Video Capture Sample macOSUITests */,
				FBC725D42058C5AF004C5CA8 /* Products */,
			);
			sourceTree = "<group>";
		};
		FBC725D42058C5AF004C5CA8 /* Products */ = {
			isa = PBXGroup;
			children = (
				FBC725D32058C5AF004C5CA8 /* Video Capture Sample macOS.app */,
				FBC725E52058C5AF004C5CA8 /* Video Capture Sample macOSTests.xctest */,
				FBC725F02058C5AF004C5CA8 /* Video Capture Sample macOSUITests.xctest */,
			);
			name = Products;
			sourceTree = "<group>";
		};
		FBC725D52058C5AF004C5CA8 /* Video Capture Sample macOS */ = {
			isa = PBXGroup;
			children = (
				FBC725D62058C5AF004C5CA8 /* AppDelegate.swift */,
				FBC725D82058C5AF004C5CA8 /* ViewController.swift */,
				FBC725DA2058C5AF004C5CA8 /* Assets.xcassets */,
				FBC725DC2058C5AF004C5CA8 /* Main.storyboard */,
				FBC725DF2058C5AF004C5CA8 /* Info.plist */,
				FBC725E02058C5AF004C5CA8 /* Video_Capture_Sample_macOS.entitlements */,
			);
			path = "Video Capture Sample macOS";
			sourceTree = "<group>";
		};
		FBC725E82058C5AF004C5CA8 /* Video Capture Sample macOSTests */ = {
			isa = PBXGroup;
			children = (
				FBC725E92058C5AF004C5CA8 /* Video_Capture_Sample_macOSTests.swift */,
				FBC725EB2058C5AF004C5CA8 /* Info.plist */,
			);
			path = "Video Capture Sample macOSTests";
			sourceTree = "<group>";
		};
		FBC725F32058C5AF004C5CA8 /* Video Capture Sample macOSUITests */ = {
			isa = PBXGroup;
			children = (
				FBC725F42058C5AF004C5CA8 /* Video_Capture_Sample_macOSUITests.swift */,
				FBC725F62058C5AF004C5CA8 /* Info.plist */,
			);
			path = "Video Capture Sample macOSUITests";
			sourceTree = "<group>";
		};
/* End PBXGroup section */

/* Begin PBXNativeTarget section */
		FBC725D22058C5AF004C5CA8 /* Video Capture Sample macOS */ = {
			isa = PBXNativeTarget;
			buildConfigurationList = FBC725F92058C5AF004C5CA8 /* Build configuration list for PBXNativeTarget "Video Capture Sample macOS" */;
			buildPhases = (
				FBC725CF2058C5AF004C5CA8 /* Sources */,
				FBC725D02058C5AF004C5CA8 /* Frameworks */,
				FBC725D12058C5AF004C5CA8 /* Resources */,
			);
			buildRules = (
			);
			dependencies = (
			);
			name = "Video Capture Sample macOS";
			productName = "Video Capture Sample macOS";
			productReference = FBC725D32058C5AF004C5CA8 /* Video Capture Sample macOS.app */;
			productType = "com.apple.product-type.application";
		};
		FBC725E42058C5AF004C5CA8 /* Video Capture Sample macOSTests */ = {
			isa = PBXNativeTarget;
			buildConfigurationList = FBC725FC2058C5AF004C5CA8 /* Build configuration list for PBXNativeTarget "Video Capture Sample macOSTests" */;
			buildPhases = (
				FBC725E12058C5AF004C5CA8 /* Sources */,
				FBC725E22058C5AF004C5CA8 /* Frameworks */,
				FBC725E32058C5AF004C5CA8 /* Resources */,
			);
			buildRules = (
			);
			dependencies = (
				FBC725E72058C5AF004C5CA8 /* PBXTargetDependency */,
			);
			name = "Video Capture Sample macOSTests";
			productName = "Video Capture Sample macOSTests";
			productReference = FBC725E52058C5AF004C5CA8 /* Video Capture Sample macOSTests.xctest */;
			productType = "com.apple.product-type.bundle.unit-test";
		};
		FBC725EF2058C5AF004C5CA8 /* Video Capture Sample macOSUITests */ = {
			isa = PBXNativeTarget;
			buildConfigurationList = FBC725FF2058C5AF004C5CA8 /* Build configuration list for PBXNativeTarget "Video Capture Sample macOSUITests" */;
			buildPhases = (
				FBC725EC2058C5AF004C5CA8 /* Sources */,
				FBC725ED2058C5AF004C5CA8 /* Frameworks */,
				FBC725EE2058C5AF004C5CA8 /* Resources */,
			);
			buildRules = (
			);
			dependencies = (
				FBC725F22058C5AF004C5CA8 /* PBXTargetDependency */,
			);
			name = "Video Capture Sample macOSUITests";
			productName = "Video Capture Sample macOSUITests";
			productReference = FBC725F02058C5AF004C5CA8 /* Video Capture Sample macOSUITests.xctest */;
			productType = "com.apple.product-type.bundle.ui-testing";
		};
/* End PBXNativeTarget section */

/* Begin PBXProject section */
		FBC725CB2058C5AF004C5CA8 /* Project object */ = {
			isa = PBXProject;
			attributes = {
				LastSwiftUpdateCheck = 0920;
				LastUpgradeCheck = 0920;
				ORGANIZATIONNAME = Panopto;
				TargetAttributes = {
					FBC725D22058C5AF004C5CA8 = {
						CreatedOnToolsVersion = 9.2;
						ProvisioningStyle = Automatic;
					};
					FBC725E42058C5AF004C5CA8 = {
						CreatedOnToolsVersion = 9.2;
						ProvisioningStyle = Automatic;
						TestTargetID = FBC725D22058C5AF004C5CA8;
					};
					FBC725EF2058C5AF004C5CA8 = {
						CreatedOnToolsVersion = 9.2;
						ProvisioningStyle = Automatic;
						TestTargetID = FBC725D22058C5AF004C5CA8;
					};
				};
			};
			buildConfigurationList = FBC725CE2058C5AF004C5CA8 /* Build configuration list for PBXProject "Video Capture Sample macOS" */;
			compatibilityVersion = "Xcode 8.0";
			developmentRegion = en;
			hasScannedForEncodings = 0;
			knownRegions = (
				en,
				Base,
			);
			mainGroup = FBC725CA2058C5AF004C5CA8;
			productRefGroup = FBC725D42058C5AF004C5CA8 /* Products */;
			projectDirPath = "";
			projectRoot = "";
			targets = (
				FBC725D22058C5AF004C5CA8 /* Video Capture Sample macOS */,
				FBC725E42058C5AF004C5CA8 /* Video Capture Sample macOSTests */,
				FBC725EF2058C5AF004C5CA8 /* Video Capture Sample macOSUITests */,
			);
		};
/* End PBXProject section */

/* Begin PBXResourcesBuildPhase section */
		FBC725D12058C5AF004C5CA8 /* Resources */ = {
			isa = PBXResourcesBuildPhase;
			buildActionMask = 2147483647;
			files = (
				FBC725DB2058C5AF004C5CA8 /* Assets.xcassets in Resources */,
				FBC725DE2058C5AF004C5CA8 /* Main.storyboard in Resources */,
			);
			runOnlyForDeploymentPostprocessing = 0;
		};
		FBC725E32058C5AF004C5CA8 /* Resources */ = {
			isa = PBXResourcesBuildPhase;
			buildActionMask = 2147483647;
			files = (
			);
			runOnlyForDeploymentPostprocessing = 0;
		};
		FBC725EE2058C5AF004C5CA8 /* Resources */ = {
			isa = PBXResourcesBuildPhase;
			buildActionMask = 2147483647;
			files = (
			);
			runOnlyForDeploymentPostprocessing = 0;
		};
/* End PBXResourcesBuildPhase section */

/* Begin PBXSourcesBuildPhase section */
		FBC725CF2058C5AF004C5CA8 /* Sources */ = {
			isa = PBXSourcesBuildPhase;
			buildActionMask = 2147483647;
			files = (
				FBC725D92058C5AF004C5CA8 /* ViewController.swift in Sources */,
				FBC725D72058C5AF004C5CA8 /* AppDelegate.swift in Sources */,
			);
			runOnlyForDeploymentPostprocessing = 0;
		};
		FBC725E12058C5AF004C5CA8 /* Sources */ = {
			isa = PBXSourcesBuildPhase;
			buildActionMask = 2147483647;
			files = (
				FBC725EA2058C5AF004C5CA8 /* Video_Capture_Sample_macOSTests.swift in Sources */,
			);
			runOnlyForDeploymentPostprocessing = 0;
		};
		FBC725EC2058C5AF004C5CA8 /* Sources */ = {
			isa = PBXSourcesBuildPhase;
			buildActionMask = 2147483647;
			files = (
				FBC725F52058C5AF004C5CA8 /* Video_Capture_Sample_macOSUITests.swift in Sources */,
			);
			runOnlyForDeploymentPostprocessing = 0;
		};
/* End PBXSourcesBuildPhase section */

/* Begin PBXTargetDependency section */
		FBC725E72058C5AF004C5CA8 /* PBXTargetDependency */ = {
			isa = PBXTargetDependency;
			target = FBC725D22058C5AF004C5CA8 /* Video Capture Sample macOS */;
			targetProxy = FBC725E62058C5AF004C5CA8 /* PBXContainerItemProxy */;
		};
		FBC725F22058C5AF004C5CA8 /* PBXTargetDependency */ = {
			isa = PBXTargetDependency;
			target = FBC725D22058C5AF004C5CA8 /* Video Capture Sample macOS */;
			targetProxy = FBC725F12058C5AF004C5CA8 /* PBXContainerItemProxy */;
		};
/* End PBXTargetDependency section */

/* Begin PBXVariantGroup section */
		FBC725DC2058C5AF004C5CA8 /* Main.storyboard */ = {
			isa = PBXVariantGroup;
			children = (
				FBC725DD2058C5AF004C5CA8 /* Base */,
			);
			name = Main.storyboard;
			sourceTree = "<group>";
		};
/* End PBXVariantGroup section */

/* Begin XCBuildConfiguration section */
		FBC725F72058C5AF004C5CA8 /* Debug */ = {
			isa = XCBuildConfiguration;
			buildSettings = {
				ALWAYS_SEARCH_USER_PATHS = NO;
				CLANG_ANALYZER_NONNULL = YES;
				CLANG_ANALYZER_NUMBER_OBJECT_CONVERSION = YES_AGGRESSIVE;
				CLANG_CXX_LANGUAGE_STANDARD = "gnu++14";
				CLANG_CXX_LIBRARY = "libc++";
				CLANG_ENABLE_MODULES = YES;
				CLANG_ENABLE_OBJC_ARC = YES;
				CLANG_WARN_BLOCK_CAPTURE_AUTORELEASING = YES;
				CLANG_WARN_BOOL_CONVERSION = YES;
				CLANG_WARN_COMMA = YES;
				CLANG_WARN_CONSTANT_CONVERSION = YES;
				CLANG_WARN_DIRECT_OBJC_ISA_USAGE = YES_ERROR;
				CLANG_WARN_DOCUMENTATION_COMMENTS = YES;
				CLANG_WARN_EMPTY_BODY = YES;
				CLANG_WARN_ENUM_CONVERSION = YES;
				CLANG_WARN_INFINITE_RECURSION = YES;
				CLANG_WARN_INT_CONVERSION = YES;
				CLANG_WARN_NON_LITERAL_NULL_CONVERSION = YES;
				CLANG_WARN_OBJC_LITERAL_CONVERSION = YES;
				CLANG_WARN_OBJC_ROOT_CLASS = YES_ERROR;
				CLANG_WARN_RANGE_LOOP_ANALYSIS = YES;
				CLANG_WARN_STRICT_PROTOTYPES = YES;
				CLANG_WARN_SUSPICIOUS_MOVE = YES;
				CLANG_WARN_UNGUARDED_AVAILABILITY = YES_AGGRESSIVE;
				CLANG_WARN_UNREACHABLE_CODE = YES;
				CLANG_WARN__DUPLICATE_METHOD_MATCH = YES;
				CODE_SIGN_IDENTITY = "-";
				COPY_PHASE_STRIP = NO;
				DEBUG_INFORMATION_FORMAT = dwarf;
				ENABLE_STRICT_OBJC_MSGSEND = YES;
				ENABLE_TESTABILITY = YES;
				GCC_C_LANGUAGE_STANDARD = gnu11;
				GCC_DYNAMIC_NO_PIC = NO;
				GCC_NO_COMMON_BLOCKS = YES;
				GCC_OPTIMIZATION_LEVEL = 0;
				GCC_PREPROCESSOR_DEFINITIONS = (
					"DEBUG=1",
					"$(inherited)",
				);
				GCC_WARN_64_TO_32_BIT_CONVERSION = YES;
				GCC_WARN_ABOUT_RETURN_TYPE = YES_ERROR;
				GCC_WARN_UNDECLARED_SELECTOR = YES;
				GCC_WARN_UNINITIALIZED_AUTOS = YES_AGGRESSIVE;
				GCC_WARN_UNUSED_FUNCTION = YES;
				GCC_WARN_UNUSED_VARIABLE = YES;
				MACOSX_DEPLOYMENT_TARGET = 10.13;
				MTL_ENABLE_DEBUG_INFO = YES;
				ONLY_ACTIVE_ARCH = YES;
				SDKROOT = macosx;
				SWIFT_ACTIVE_COMPILATION_CONDITIONS = DEBUG;
				SWIFT_OPTIMIZATION_LEVEL = "-Onone";
			};
			name = Debug;
		};
		FBC725F82058C5AF004C5CA8 /* Release */ = {
			isa = XCBuildConfiguration;
			buildSettings = {
				ALWAYS_SEARCH_USER_PATHS = NO;
				CLANG_ANALYZER_NONNULL = YES;
				CLANG_ANALYZER_NUMBER_OBJECT_CONVERSION = YES_AGGRESSIVE;
				CLANG_CXX_LANGUAGE_STANDARD = "gnu++14";
				CLANG_CXX_LIBRARY = "libc++";
				CLANG_ENABLE_MODULES = YES;
				CLANG_ENABLE_OBJC_ARC = YES;
				CLANG_WARN_BLOCK_CAPTURE_AUTORELEASING = YES;
				CLANG_WARN_BOOL_CONVERSION = YES;
				CLANG_WARN_COMMA = YES;
				CLANG_WARN_CONSTANT_CONVERSION = YES;
				CLANG_WARN_DIRECT_OBJC_ISA_USAGE = YES_ERROR;
				CLANG_WARN_DOCUMENTATION_COMMENTS = YES;
				CLANG_WARN_EMPTY_BODY = YES;
				CLANG_WARN_ENUM_CONVERSION = YES;
				CLANG_WARN_INFINITE_RECURSION = YES;
				CLANG_WARN_INT_CONVERSION = YES;
				CLANG_WARN_NON_LITERAL_NULL_CONVERSION = YES;
				CLANG_WARN_OBJC_LITERAL_CONVERSION = YES;
				CLANG_WARN_OBJC_ROOT_CLASS = YES_ERROR;
				CLANG_WARN_RANGE_LOOP_ANALYSIS = YES;
				CLANG_WARN_STRICT_PROTOTYPES = YES;
				CLANG_WARN_SUSPICIOUS_MOVE = YES;
				CLANG_WARN_UNGUARDED_AVAILABILITY = YES_AGGRESSIVE;
				CLANG_WARN_UNREACHABLE_CODE = YES;
				CLANG_WARN__DUPLICATE_METHOD_MATCH = YES;
				CODE_SIGN_IDENTITY = "-";
				COPY_PHASE_STRIP = NO;
				DEBUG_INFORMATION_FORMAT = "dwarf-with-dsym";
				ENABLE_NS_ASSERTIONS = NO;
				ENABLE_STRICT_OBJC_MSGSEND = YES;
				GCC_C_LANGUAGE_STANDARD = gnu11;
				GCC_NO_COMMON_BLOCKS = YES;
				GCC_WARN_64_TO_32_BIT_CONVERSION = YES;
				GCC_WARN_ABOUT_RETURN_TYPE = YES_ERROR;
				GCC_WARN_UNDECLARED_SELECTOR = YES;
				GCC_WARN_UNINITIALIZED_AUTOS = YES_AGGRESSIVE;
				GCC_WARN_UNUSED_FUNCTION = YES;
				GCC_WARN_UNUSED_VARIABLE = YES;
				MACOSX_DEPLOYMENT_TARGET = 10.13;
				MTL_ENABLE_DEBUG_INFO = NO;
				SDKROOT = macosx;
				SWIFT_OPTIMIZATION_LEVEL = "-Owholemodule";
			};
			name = Release;
		};
		FBC725FA2058C5AF004C5CA8 /* Debug */ = {
			isa = XCBuildConfiguration;
			buildSettings = {
				ASSETCATALOG_COMPILER_APPICON_NAME = AppIcon;
				CODE_SIGN_STYLE = Automatic;
				COMBINE_HIDPI_IMAGES = YES;
				INFOPLIST_FILE = "Video Capture Sample macOS/Info.plist";
				LD_RUNPATH_SEARCH_PATHS = "$(inherited) @executable_path/../Frameworks";
				PRODUCT_BUNDLE_IDENTIFIER = "com.panopto.Video-Capture-Sample-macOS";
				PRODUCT_NAME = "$(TARGET_NAME)";
				SWIFT_VERSION = 4.0;
			};
			name = Debug;
		};
		FBC725FB2058C5AF004C5CA8 /* Release */ = {
			isa = XCBuildConfiguration;
			buildSettings = {
				ASSETCATALOG_COMPILER_APPICON_NAME = AppIcon;
				CODE_SIGN_STYLE = Automatic;
				COMBINE_HIDPI_IMAGES = YES;
				INFOPLIST_FILE = "Video Capture Sample macOS/Info.plist";
				LD_RUNPATH_SEARCH_PATHS = "$(inherited) @executable_path/../Frameworks";
				PRODUCT_BUNDLE_IDENTIFIER = "com.panopto.Video-Capture-Sample-macOS";
				PRODUCT_NAME = "$(TARGET_NAME)";
				SWIFT_VERSION = 4.0;
			};
			name = Release;
		};
		FBC725FD2058C5AF004C5CA8 /* Debug */ = {
			isa = XCBuildConfiguration;
			buildSettings = {
				ALWAYS_EMBED_SWIFT_STANDARD_LIBRARIES = YES;
				BUNDLE_LOADER = "$(TEST_HOST)";
				CODE_SIGN_STYLE = Automatic;
				COMBINE_HIDPI_IMAGES = YES;
				INFOPLIST_FILE = "Video Capture Sample macOSTests/Info.plist";
				LD_RUNPATH_SEARCH_PATHS = "$(inherited) @executable_path/../Frameworks @loader_path/../Frameworks";
				PRODUCT_BUNDLE_IDENTIFIER = "com.panopto.Video-Capture-Sample-macOSTests";
				PRODUCT_NAME = "$(TARGET_NAME)";
				SWIFT_VERSION = 4.0;
				TEST_HOST = "$(BUILT_PRODUCTS_DIR)/Video Capture Sample macOS.app/Contents/MacOS/Video Capture Sample macOS";
			};
			name = Debug;
		};
		FBC725FE2058C5AF004C5CA8 /* Release */ = {
			isa = XCBuildConfiguration;
			buildSettings = {
				ALWAYS_EMBED_SWIFT_STANDARD_LIBRARIES = YES;
				BUNDLE_LOADER = "$(TEST_HOST)";
				CODE_SIGN_STYLE = Automatic;
				COMBINE_HIDPI_IMAGES = YES;
				INFOPLIST_FILE = "Video Capture Sample macOSTests/Info.plist";
				LD_RUNPATH_SEARCH_PATHS = "$(inherited) @executable_path/../Frameworks @loader_path/../Frameworks";
				PRODUCT_BUNDLE_IDENTIFIER = "com.panopto.Video-Capture-Sample-macOSTests";
				PRODUCT_NAME = "$(TARGET_NAME)";
				SWIFT_VERSION = 4.0;
				TEST_HOST = "$(BUILT_PRODUCTS_DIR)/Video Capture Sample macOS.app/Contents/MacOS/Video Capture Sample macOS";
			};
			name = Release;
		};
		FBC726002058C5AF004C5CA8 /* Debug */ = {
			isa = XCBuildConfiguration;
			buildSettings = {
				ALWAYS_EMBED_SWIFT_STANDARD_LIBRARIES = YES;
				CODE_SIGN_STYLE = Automatic;
				COMBINE_HIDPI_IMAGES = YES;
				INFOPLIST_FILE = "Video Capture Sample macOSUITests/Info.plist";
				LD_RUNPATH_SEARCH_PATHS = "$(inherited) @executable_path/../Frameworks @loader_path/../Frameworks";
				PRODUCT_BUNDLE_IDENTIFIER = "com.panopto.Video-Capture-Sample-macOSUITests";
				PRODUCT_NAME = "$(TARGET_NAME)";
				SWIFT_VERSION = 4.0;
				TEST_TARGET_NAME = "Video Capture Sample macOS";
			};
			name = Debug;
		};
		FBC726012058C5AF004C5CA8 /* Release */ = {
			isa = XCBuildConfiguration;
			buildSettings = {
				ALWAYS_EMBED_SWIFT_STANDARD_LIBRARIES = YES;
				CODE_SIGN_STYLE = Automatic;
				COMBINE_HIDPI_IMAGES = YES;
				INFOPLIST_FILE = "Video Capture Sample macOSUITests/Info.plist";
				LD_RUNPATH_SEARCH_PATHS = "$(inherited) @executable_path/../Frameworks @loader_path/../Frameworks";
				PRODUCT_BUNDLE_IDENTIFIER = "com.panopto.Video-Capture-Sample-macOSUITests";
				PRODUCT_NAME = "$(TARGET_NAME)";
				SWIFT_VERSION = 4.0;
				TEST_TARGET_NAME = "Video Capture Sample macOS";
			};
			name = Release;
		};
/* End XCBuildConfiguration section */

/* Begin XCConfigurationList section */
		FBC725CE2058C5AF004C5CA8 /* Build configuration list for PBXProject "Video Capture Sample macOS" */ = {
			isa = XCConfigurationList;
			buildConfigurations = (
				FBC725F72058C5AF004C5CA8 /* Debug */,
				FBC725F82058C5AF004C5CA8 /* Release */,
			);
			defaultConfigurationIsVisible = 0;
			defaultConfigurationName = Release;
		};
		FBC725F92058C5AF004C5CA8 /* Build configuration list for PBXNativeTarget "Video Capture Sample macOS" */ = {
			isa = XCConfigurationList;
			buildConfigurations = (
				FBC725FA2058C5AF004C5CA8 /* Debug */,
				FBC725FB2058C5AF004C5CA8 /* Release */,
			);
			defaultConfigurationIsVisible = 0;
			defaultConfigurationName = Release;
		};
		FBC725FC2058C5AF004C5CA8 /* Build configuration list for PBXNativeTarget "Video Capture Sample macOSTests" */ = {
			isa = XCConfigurationList;
			buildConfigurations = (
				FBC725FD2058C5AF004C5CA8 /* Debug */,
				FBC725FE2058C5AF004C5CA8 /* Release */,
			);
			defaultConfigurationIsVisible = 0;
			defaultConfigurationName = Release;
		};
		FBC725FF2058C5AF004C5CA8 /* Build configuration list for PBXNativeTarget "Video Capture Sample macOSUITests" */ = {
			isa = XCConfigurationList;
			buildConfigurations = (
				FBC726002058C5AF004C5CA8 /* Debug */,
				FBC726012058C5AF004C5CA8 /* Release */,
			);
			defaultConfigurationIsVisible = 0;
			defaultConfigurationName = Release;
		};
/* End XCConfigurationList section */
	};
	rootObject = FBC725CB2058C5AF004C5CA8 /* Project object */;
}
